
Microsoft Visual Studio Solution File, Format Version 12.00
# Visual Studio Version 17
VisualStudioVersion = 17.0.31903.59
MinimumVisualStudioVersion = 10.0.40219.1
Project("{2150E333-8FDC-42A3-9474-1A3956D46DE8}") = "src", "src", "{827E0CD3-B72D-47B6-A68D-7590B98EB39B}"
EndProject
Project("{FAE04EC0-301F-11D3-BF4B-00C04F79EFBC}") = "Invoice.Domain", "src\Invoice.Domain\Invoice.Domain.csproj", "{3B0351D1-D6AD-4E85-9D66-F7D1DB8A053B}"
EndProject
Project("{FAE04EC0-301F-11D3-BF4B-00C04F79EFBC}") = "Invoice.Application", "src\Invoice.Application\Invoice.Application.csproj", "{F4E5CEED-896B-4DA3-9DED-867962FBBA81}"
EndProject
Project("{FAE04EC0-301F-11D3-BF4B-00C04F79EFBC}") = "Invoice.Infrastructure", "src\Invoice.Infrastructure\Invoice.Infrastructure.csproj", "{8E4F94AE-7E84-4B8F-99A9-CAAE76B2E71E}"
EndProject
Project("{FAE04EC0-301F-11D3-BF4B-00C04F79EFBC}") = "Invoice.WinForms", "src\Invoice.WinForms\Invoice.WinForms.csproj", "{A5D69AF6-41BF-4CE3-B375-0798E0F7610D}"
EndProject
Global
	GlobalSection(SolutionConfigurationPlatforms) = preSolution
		Debug|Any CPU = Debug|Any CPU
		Debug|x64 = Debug|x64
		Debug|x86 = Debug|x86
		Release|Any CPU = Release|Any CPU
		Release|x64 = Release|x64
		Release|x86 = Release|x86
	EndGlobalSection
	GlobalSection(ProjectConfigurationPlatforms) = postSolution
		{3B0351D1-D6AD-4E85-9D66-F7D1DB8A053B}.Debug|Any CPU.ActiveCfg = Debug|Any CPU
		{3B0351D1-D6AD-4E85-9D66-F7D1DB8A053B}.Debug|Any CPU.Build.0 = Debug|Any CPU
		{3B0351D1-D6AD-4E85-9D66-F7D1DB8A053B}.Debug|x64.ActiveCfg = Debug|Any CPU
		{3B0351D1-D6AD-4E85-9D66-F7D1DB8A053B}.Debug|x64.Build.0 = Debug|Any CPU
		{3B0351D1-D6AD-4E85-9D66-F7D1DB8A053B}.Debug|x86.ActiveCfg = Debug|Any CPU
		{3B0351D1-D6AD-4E85-9D66-F7D1DB8A053B}.Debug|x86.Build.0 = Debug|Any CPU
		{3B0351D1-D6AD-4E85-9D66-F7D1DB8A053B}.Release|Any CPU.ActiveCfg = Release|Any CPU
		{3B0351D1-D6AD-4E85-9D66-F7D1DB8A053B}.Release|Any CPU.Build.0 = Release|Any CPU
		{3B0351D1-D6AD-4E85-9D66-F7D1DB8A053B}.Release|x64.ActiveCfg = Release|Any CPU
		{3B0351D1-D6AD-4E85-9D66-F7D1DB8A053B}.Release|x64.Build.0 = Release|Any CPU
		{3B0351D1-D6AD-4E85-9D66-F7D1DB8A053B}.Release|x86.ActiveCfg = Release|Any CPU
		{3B0351D1-D6AD-4E85-9D66-F7D1DB8A053B}.Release|x86.Build.0 = Release|Any CPU
		{F4E5CEED-896B-4DA3-9DED-867962FBBA81}.Debug|Any CPU.ActiveCfg = Debug|Any CPU
		{F4E5CEED-896B-4DA3-9DED-867962FBBA81}.Debug|Any CPU.Build.0 = Debug|Any CPU
		{F4E5CEED-896B-4DA3-9DED-867962FBBA81}.Debug|x64.ActiveCfg = Debug|Any CPU
		{F4E5CEED-896B-4DA3-9DED-867962FBBA81}.Debug|x64.Build.0 = Debug|Any CPU
		{F4E5CEED-896B-4DA3-9DED-867962FBBA81}.Debug|x86.ActiveCfg = Debug|Any CPU
		{F4E5CEED-896B-4DA3-9DED-867962FBBA81}.Debug|x86.Build.0 = Debug|Any CPU
		{F4E5CEED-896B-4DA3-9DED-867962FBBA81}.Release|Any CPU.ActiveCfg = Release|Any CPU
		{F4E5CEED-896B-4DA3-9DED-867962FBBA81}.Release|Any CPU.Build.0 = Release|Any CPU
		{F4E5CEED-896B-4DA3-9DED-867962FBBA81}.Release|x64.ActiveCfg = Release|Any CPU
		{F4E5CEED-896B-4DA3-9DED-867962FBBA81}.Release|x64.Build.0 = Release|Any CPU
		{F4E5CEED-896B-4DA3-9DED-867962FBBA81}.Release|x86.ActiveCfg = Release|Any CPU
		{F4E5CEED-896B-4DA3-9DED-867962FBBA81}.Release|x86.Build.0 = Release|Any CPU
		{8E4F94AE-7E84-4B8F-99A9-CAAE76B2E71E}.Debug|Any CPU.ActiveCfg = Debug|Any CPU
		{8E4F94AE-7E84-4B8F-99A9-CAAE76B2E71E}.Debug|Any CPU.Build.0 = Debug|Any CPU
		{8E4F94AE-7E84-4B8F-99A9-CAAE76B2E71E}.Debug|x64.ActiveCfg = Debug|Any CPU
		{8E4F94AE-7E84-4B8F-99A9-CAAE76B2E71E}.Debug|x64.Build.0 = Debug|Any CPU
		{8E4F94AE-7E84-4B8F-99A9-CAAE76B2E71E}.Debug|x86.ActiveCfg = Debug|Any CPU
		{8E4F94AE-7E84-4B8F-99A9-CAAE76B2E71E}.Debug|x86.Build.0 = Debug|Any CPU
		{8E4F94AE-7E84-4B8F-99A9-CAAE76B2E71E}.Release|Any CPU.ActiveCfg = Release|Any CPU
		{8E4F94AE-7E84-4B8F-99A9-CAAE76B2E71E}.Release|Any CPU.Build.0 = Release|Any CPU
		{8E4F94AE-7E84-4B8F-99A9-CAAE76B2E71E}.Release|x64.ActiveCfg = Release|Any CPU
		{8E4F94AE-7E84-4B8F-99A9-CAAE76B2E71E}.Release|x64.Build.0 = Release|Any CPU
		{8E4F94AE-7E84-4B8F-99A9-CAAE76B2E71E}.Release|x86.ActiveCfg = Release|Any CPU
		{8E4F94AE-7E84-4B8F-99A9-CAAE76B2E71E}.Release|x86.Build.0 = Release|Any CPU
		{A5D69AF6-41BF-4CE3-B375-0798E0F7610D}.Debug|Any CPU.ActiveCfg = Debug|Any CPU
		{A5D69AF6-41BF-4CE3-B375-0798E0F7610D}.Debug|Any CPU.Build.0 = Debug|Any CPU
		{A5D69AF6-41BF-4CE3-B375-0798E0F7610D}.Debug|x64.ActiveCfg = Debug|Any CPU
		{A5D69AF6-41BF-4CE3-B375-0798E0F7610D}.Debug|x64.Build.0 = Debug|Any CPU
		{A5D69AF6-41BF-4CE3-B375-0798E0F7610D}.Debug|x86.ActiveCfg = Debug|Any CPU
		{A5D69AF6-41BF-4CE3-B375-0798E0F7610D}.Debug|x86.Build.0 = Debug|Any CPU
		{A5D69AF6-41BF-4CE3-B375-0798E0F7610D}.Release|Any CPU.ActiveCfg = Release|Any CPU
		{A5D69AF6-41BF-4CE3-B375-0798E0F7610D}.Release|Any CPU.Build.0 = Release|Any CPU
		{A5D69AF6-41BF-4CE3-B375-0798E0F7610D}.Release|x64.ActiveCfg = Release|Any CPU
		{A5D69AF6-41BF-4CE3-B375-0798E0F7610D}.Release|x64.Build.0 = Release|Any CPU
		{A5D69AF6-41BF-4CE3-B375-0798E0F7610D}.Release|x86.ActiveCfg = Release|Any CPU
		{A5D69AF6-41BF-4CE3-B375-0798E0F7610D}.Release|x86.Build.0 = Release|Any CPU
	EndGlobalSection
	GlobalSection(SolutionProperties) = preSolution
		HideSolutionNode = FALSE
	EndGlobalSection
	GlobalSection(NestedProjects) = preSolution
		{3B0351D1-D6AD-4E85-9D66-F7D1DB8A053B} = {827E0CD3-B72D-47B6-A68D-7590B98EB39B}
		{F4E5CEED-896B-4DA3-9DED-867962FBBA81} = {827E0CD3-B72D-47B6-A68D-7590B98EB39B}
		{8E4F94AE-7E84-4B8F-99A9-CAAE76B2E71E} = {827E0CD3-B72D-47B6-A68D-7590B98EB39B}
		{A5D69AF6-41BF-4CE3-B375-0798E0F7610D} = {827E0CD3-B72D-47B6-A68D-7590B98EB39B}
	EndGlobalSection
EndGlobal
